{
  "name": "odetofood",
  "version": "1.0.0",
  "lockfileVersion": 2,
  "requires": true,
  "packages": {
    "": {
      "name": "odetofood",
      "version": "1.0.0",
      "license": "ISC",
      "dependencies": {
        "datatables.net-bs4": "^1.13.8",
        "datatables.net-datetime": "^1.5.0",
        "datatables.net-responsive-bs4": "^2.5.0",
        "datatables.net-searchpanes-bs4": "^2.2.0",
        "datatables.net-select-bs4": "^1.7.0"
      }
    },
    "node_modules/datatables.net": {
      "version": "1.13.8",
      "resolved": "https://registry.npmjs.org/datatables.net/-/datatables.net-1.13.8.tgz",
      "integrity": "sha512-2pDamr+GUwPTby2OgriVB9dR9ftFKD2AQyiuCXzZIiG4d9KkKFQ7gqPfNmG7uj9Tc5kDf+rGj86do4LAb/V71g==",
      "dependencies": {
        "jquery": ">=1.7"
      }
    },
    "node_modules/datatables.net-bs4": {
      "version": "1.13.8",
      "resolved": "https://registry.npmjs.org/datatables.net-bs4/-/datatables.net-bs4-1.13.8.tgz",
      "integrity": "sha512-9LQ4UMb28balB2xK9MhxbsDjUzAUjc0bNjxvtkysdMbb9FhNOTDkmt1I4ZzfiJiDMN8CH1vzZsgCh835LkX7SQ==",
      "dependencies": {
        "datatables.net": "1.13.8",
        "jquery": ">=1.7"
      }
    },
    "node_modules/datatables.net-datetime": {
      "version": "1.5.0",
      "resolved": "https://registry.npmjs.org/datatables.net-datetime/-/datatables.net-datetime-1.5.0.tgz",
      "integrity": "sha512-MyqPiaLVcf51rkAmUww1GFeJeLl9XqVXOOHMWw8NrR/5usaTINO3gORXYuH9QQSf4wWUs7naWWgyHczxKPWu6g=="
    },
    "node_modules/datatables.net-responsive": {
      "version": "2.5.0",
      "resolved": "https://registry.npmjs.org/datatables.net-responsive/-/datatables.net-responsive-2.5.0.tgz",
      "integrity": "sha512-GL7DFiRl5qqrp5ql54Psz92xTGPR0rMcrO3hzNxMfvcfpRGL5zFNTvMpTUh59Erm6u1+KoX+j+Ig1ZD3r0iFsA==",
      "dependencies": {
        "datatables.net": ">=1.13.4",
        "jquery": ">=1.7"
      }
    },
    "node_modules/datatables.net-responsive-bs4": {
      "version": "2.5.0",
      "resolved": "https://registry.npmjs.org/datatables.net-responsive-bs4/-/datatables.net-responsive-bs4-2.5.0.tgz",
      "integrity": "sha512-APa2fqjCoPGZWStXoMfQ1nD5QGbSc2WXyHqnsNfZ8N9aAF4E/VSIXrQ9HYUx0xqs4lfUKCpqplrOoP9oMytkiQ==",
      "dependencies": {
        "datatables.net-bs4": ">=1.13.4",
        "datatables.net-responsive": ">=2.4.1",
        "jquery": ">=1.7"
      }
    },
    "node_modules/datatables.net-searchpanes": {
      "version": "2.2.0",
      "resolved": "https://registry.npmjs.org/datatables.net-searchpanes/-/datatables.net-searchpanes-2.2.0.tgz",
      "integrity": "sha512-wp/bO24aLfKdTgVbOzaQQ8ThnJdJIx40Pacq2A/4e2xCPALTM8GafazWKnTbsl0547Q1pUtpmsi3BIvrOyvcBQ==",
      "dependencies": {
        "datatables.net": ">=1.13.4",
        "jquery": ">=1.7"
      }
    },
    "node_modules/datatables.net-searchpanes-bs4": {
      "version": "2.2.0",
      "resolved": "https://registry.npmjs.org/datatables.net-searchpanes-bs4/-/datatables.net-searchpanes-bs4-2.2.0.tgz",
      "integrity": "sha512-gYjCuFJs8L3jPc++AEf8X4kRiJtBxvPfzsFBb6gvctRoUKeW8KewbD2uzWYnHkef/fi5acPq8pqo190SaVXJTQ==",
      "dependencies": {
        "datatables.net-bs4": ">=1.13.4",
        "datatables.net-searchpanes": ">=2.1.2",
        "jquery": ">=1.7"
      }
    },
    "node_modules/datatables.net-select": {
      "version": "1.7.0",
      "resolved": "https://registry.npmjs.org/datatables.net-select/-/datatables.net-select-1.7.0.tgz",
      "integrity": "sha512-ps8eL8S2gUV7EdzMraw8mfQlHXpfuc8TC2onBxdk0snP8eizPe85VhpI3r4ULvPRTTI7vcViz8E7JV8aayA2lw==",
      "dependencies": {
        "datatables.net": ">=1.13.4",
        "jquery": ">=1.7"
      }
    },
    "node_modules/datatables.net-select-bs4": {
      "version": "1.7.0",
      "resolved": "https://registry.npmjs.org/datatables.net-select-bs4/-/datatables.net-select-bs4-1.7.0.tgz",
      "integrity": "sha512-PAOAPVaIVxZ0FEk0BamIF4a3YVkln2swIM+be+w09OWRlUo8QXFY5LbImjZ9SdUInT7pCZfueBQh5oKSKesylg==",
      "dependencies": {
        "datatables.net-bs4": ">=1.13.4",
        "datatables.net-select": ">=1.6.2",
        "jquery": ">=1.7"
      }
    },
    "node_modules/jquery": {
      "version": "3.7.1",
      "resolved": "https://registry.npmjs.org/jquery/-/jquery-3.7.1.tgz",
      "integrity": "sha512-m4avr8yL8kmFN8psrbFFFmB/If14iN5o9nw/NgnnM+kybDJpRsAynV2BsfpTYrTRysYUdADVD7CkUUizgkpLfg=="
    }
  },
  "dependencies": {
    "datatables.net": {
      "version": "1.13.8",
      "resolved": "https://registry.npmjs.org/datatables.net/-/datatables.net-1.13.8.tgz",
      "integrity": "sha512-2pDamr+GUwPTby2OgriVB9dR9ftFKD2AQyiuCXzZIiG4d9KkKFQ7gqPfNmG7uj9Tc5kDf+rGj86do4LAb/V71g==",
      "requires": {
        "jquery": ">=1.7"
      }
    },
    "datatables.net-bs4": {
      "version": "1.13.8",
      "resolved": "https://registry.npmjs.org/datatables.net-bs4/-/datatables.net-bs4-1.13.8.tgz",
      "integrity": "sha512-9LQ4UMb28balB2xK9MhxbsDjUzAUjc0bNjxvtkysdMbb9FhNOTDkmt1I4ZzfiJiDMN8CH1vzZsgCh835LkX7SQ==",
      "requires": {
        "datatables.net": "1.13.8",
        "jquery": ">=1.7"
      }
    },
    "datatables.net-datetime": {
      "version": "1.5.0",
      "resolved": "https://registry.npmjs.org/datatables.net-datetime/-/datatables.net-datetime-1.5.0.tgz",
      "integrity": "sha512-MyqPiaLVcf51rkAmUww1GFeJeLl9XqVXOOHMWw8NrR/5usaTINO3gORXYuH9QQSf4wWUs7naWWgyHczxKPWu6g=="
    },
    "datatables.net-responsive": {
      "version": "2.5.0",
      "resolved": "https://registry.npmjs.org/datatables.net-responsive/-/datatables.net-responsive-2.5.0.tgz",
      "integrity": "sha512-GL7DFiRl5qqrp5ql54Psz92xTGPR0rMcrO3hzNxMfvcfpRGL5zFNTvMpTUh59Erm6u1+KoX+j+Ig1ZD3r0iFsA==",
      "requires": {
        "datatables.net": ">=1.13.4",
        "jquery": ">=1.7"
      }
    },
    "datatables.net-responsive-bs4": {
      "version": "2.5.0",
      "resolved": "https://registry.npmjs.org/datatables.net-responsive-bs4/-/datatables.net-responsive-bs4-2.5.0.tgz",
      "integrity": "sha512-APa2fqjCoPGZWStXoMfQ1nD5QGbSc2WXyHqnsNfZ8N9aAF4E/VSIXrQ9HYUx0xqs4lfUKCpqplrOoP9oMytkiQ==",
      "requires": {
        "datatables.net-bs4": ">=1.13.4",
        "datatables.net-responsive": ">=2.4.1",
        "jquery": ">=1.7"
      }
    },
    "datatables.net-searchpanes": {
      "version": "2.2.0",
      "resolved": "https://registry.npmjs.org/datatables.net-searchpanes/-/datatables.net-searchpanes-2.2.0.tgz",
      "integrity": "sha512-wp/bO24aLfKdTgVbOzaQQ8ThnJdJIx40Pacq2A/4e2xCPALTM8GafazWKnTbsl0547Q1pUtpmsi3BIvrOyvcBQ==",
      "requires": {
        "datatables.net": ">=1.13.4",
        "jquery": ">=1.7"
      }
    },
    "datatables.net-searchpanes-bs4": {
      "version": "2.2.0",
      "resolved": "https://registry.npmjs.org/datatables.net-searchpanes-bs4/-/datatables.net-searchpanes-bs4-2.2.0.tgz",
      "integrity": "sha512-gYjCuFJs8L3jPc++AEf8X4kRiJtBxvPfzsFBb6gvctRoUKeW8KewbD2uzWYnHkef/fi5acPq8pqo190SaVXJTQ==",
      "requires": {
        "datatables.net-bs4": ">=1.13.4",
        "datatables.net-searchpanes": ">=2.1.2",
        "jquery": ">=1.7"
      }
    },
    "datatables.net-select": {
      "version": "1.7.0",
      "resolved": "https://registry.npmjs.org/datatables.net-select/-/datatables.net-select-1.7.0.tgz",
      "integrity": "sha512-ps8eL8S2gUV7EdzMraw8mfQlHXpfuc8TC2onBxdk0snP8eizPe85VhpI3r4ULvPRTTI7vcViz8E7JV8aayA2lw==",
      "requires": {
        "datatables.net": ">=1.13.4",
        "jquery": ">=1.7"
      }
    },
    "datatables.net-select-bs4": {
      "version": "1.7.0",
      "resolved": "https://registry.npmjs.org/datatables.net-select-bs4/-/datatables.net-select-bs4-1.7.0.tgz",
      "integrity": "sha512-PAOAPVaIVxZ0FEk0BamIF4a3YVkln2swIM+be+w09OWRlUo8QXFY5LbImjZ9SdUInT7pCZfueBQh5oKSKesylg==",
      "requires": {
        "datatables.net-bs4": ">=1.13.4",
        "datatables.net-select": ">=1.6.2",
        "jquery": ">=1.7"
      }
    },
    "jquery": {
      "version": "3.7.1",
      "resolved": "https://registry.npmjs.org/jquery/-/jquery-3.7.1.tgz",
      "integrity": "sha512-m4avr8yL8kmFN8psrbFFFmB/If14iN5o9nw/NgnnM+kybDJpRsAynV2BsfpTYrTRysYUdADVD7CkUUizgkpLfg=="
    }
  }
}
